
Microsoft Visual Studio Solution File, Format Version 12.00
# Visual Studio 15
VisualStudioVersion = 15.0.28307.1705
MinimumVisualStudioVersion = 10.0.40219.1
Project("{8BC9CEB8-8B4A-11D0-8D11-00A0C91BC942}") = "string构造函数", "string构造函数\string构造函数.vcxproj", "{29664DF9-64FA-4A35-A939-281A6D7023E0}"
EndProject
Global
	GlobalSection(SolutionConfigurationPlatforms) = preSolution
		Debug|x64 = Debug|x64
		Debug|x86 = Debug|x86
		Release|x64 = Release|x64
		Release|x86 = Release|x86
	EndGlobalSection
	GlobalSection(ProjectConfigurationPlatforms) = postSolution
		{29664DF9-64FA-4A35-A939-281A6D7023E0}.Debug|x64.ActiveCfg = Debug|x64
		{29664DF9-64FA-4A35-A939-281A6D7023E0}.Debug|x64.Build.0 = Debug|x64
		{29664DF9-64FA-4A35-A939-281A6D7023E0}.Debug|x86.ActiveCfg = Debug|Win32
		{29664DF9-64FA-4A35-A939-281A6D7023E0}.Debug|x86.Build.0 = Debug|Win32
		{29664DF9-64FA-4A35-A939-281A6D7023E0}.Release|x64.ActiveCfg = Release|x64
		{29664DF9-64FA-4A35-A939-281A6D7023E0}.Release|x64.Build.0 = Release|x64
		{29664DF9-64FA-4A35-A939-281A6D7023E0}.Release|x86.ActiveCfg = Release|Win32
		{29664DF9-64FA-4A35-A939-281A6D7023E0}.Release|x86.Build.0 = Release|Win32
	EndGlobalSection
	GlobalSection(SolutionProperties) = preSolution
		HideSolutionNode = FALSE
	EndGlobalSection
	GlobalSection(ExtensibilityGlobals) = postSolution
		SolutionGuid = {A1F24457-7AF5-499A-A57E-AEA9A7A71DE8}
	EndGlobalSection
EndGlobal
